
Microsoft Visual Studio Solution File, Format Version 12.00
# Visual Studio 14
VisualStudioVersion = 14.0.23107.0
MinimumVisualStudioVersion = 10.0.40219.1
Project("{FAE04EC0-301F-11D3-BF4B-00C04F79EFBC}") = "jenkins_client", "jenkins_client\jenkins_client.csproj", "{8EC83433-C56D-4526-8C85-D7AFBBC643C3}"
EndProject
Project("{FAE04EC0-301F-11D3-BF4B-00C04F79EFBC}") = "examples", "examples\examples.csproj", "{E4EB6D4E-8A6B-4E69-9181-1B987925FEA0}"
EndProject
Project("{FAE04EC0-301F-11D3-BF4B-00C04F79EFBC}") = "tests", "tests\tests.csproj", "{EE9F4B82-BD3F-415B-BD98-C0320B961468}"
EndProject
Global
	GlobalSection(SolutionConfigurationPlatforms) = preSolution
		Debug|Any CPU = Debug|Any CPU
		JenkinsCI|Any CPU = JenkinsCI|Any CPU
		Release|Any CPU = Release|Any CPU
	EndGlobalSection
	GlobalSection(ProjectConfigurationPlatforms) = postSolution
		{8EC83433-C56D-4526-8C85-D7AFBBC643C3}.Debug|Any CPU.ActiveCfg = Debug|Any CPU
		{8EC83433-C56D-4526-8C85-D7AFBBC643C3}.Debug|Any CPU.Build.0 = Debug|Any CPU
		{8EC83433-C56D-4526-8C85-D7AFBBC643C3}.JenkinsCI|Any CPU.ActiveCfg = Release|Any CPU
		{8EC83433-C56D-4526-8C85-D7AFBBC643C3}.JenkinsCI|Any CPU.Build.0 = Release|Any CPU
		{8EC83433-C56D-4526-8C85-D7AFBBC643C3}.JenkinsCI|Any CPU.Deploy.0 = Release|Any CPU
		{8EC83433-C56D-4526-8C85-D7AFBBC643C3}.Release|Any CPU.ActiveCfg = Release|Any CPU
		{8EC83433-C56D-4526-8C85-D7AFBBC643C3}.Release|Any CPU.Build.0 = Release|Any CPU
		{E4EB6D4E-8A6B-4E69-9181-1B987925FEA0}.Debug|Any CPU.ActiveCfg = Debug|Any CPU
		{E4EB6D4E-8A6B-4E69-9181-1B987925FEA0}.Debug|Any CPU.Build.0 = Debug|Any CPU
		{E4EB6D4E-8A6B-4E69-9181-1B987925FEA0}.JenkinsCI|Any CPU.ActiveCfg = JenkinsCI|Any CPU
		{E4EB6D4E-8A6B-4E69-9181-1B987925FEA0}.Release|Any CPU.ActiveCfg = Release|Any CPU
		{E4EB6D4E-8A6B-4E69-9181-1B987925FEA0}.Release|Any CPU.Build.0 = Release|Any CPU
		{EE9F4B82-BD3F-415B-BD98-C0320B961468}.Debug|Any CPU.ActiveCfg = Debug|Any CPU
		{EE9F4B82-BD3F-415B-BD98-C0320B961468}.Debug|Any CPU.Build.0 = Debug|Any CPU
		{EE9F4B82-BD3F-415B-BD98-C0320B961468}.JenkinsCI|Any CPU.ActiveCfg = Release|Any CPU
		{EE9F4B82-BD3F-415B-BD98-C0320B961468}.JenkinsCI|Any CPU.Build.0 = Release|Any CPU
		{EE9F4B82-BD3F-415B-BD98-C0320B961468}.JenkinsCI|Any CPU.Deploy.0 = Release|Any CPU
		{EE9F4B82-BD3F-415B-BD98-C0320B961468}.Release|Any CPU.ActiveCfg = Release|Any CPU
		{EE9F4B82-BD3F-415B-BD98-C0320B961468}.Release|Any CPU.Build.0 = Release|Any CPU
	EndGlobalSection
	GlobalSection(SolutionProperties) = preSolution
		HideSolutionNode = FALSE
	EndGlobalSection
EndGlobal
